
Microsoft Visual Studio Solution File, Format Version 12.00
# Visual Studio Version 17
VisualStudioVersion = 17.12.35514.174 d17.12
MinimumVisualStudioVersion = 10.0.40219.1
Project("{FAE04EC0-301F-11D3-BF4B-00C04F79EFBC}") = "btbuoi5", "btbuoi5.csproj", "{0A05E5C5-80A9-46C9-A055-36789CED7F0B}"
EndProject
Global
	GlobalSection(SolutionConfigurationPlatforms) = preSolution
		Debug|Any CPU = Debug|Any CPU
		Release|Any CPU = Release|Any CPU
	EndGlobalSection
	GlobalSection(ProjectConfigurationPlatforms) = postSolution
		{0A05E5C5-80A9-46C9-A055-36789CED7F0B}.Debug|Any CPU.ActiveCfg = Debug|Any CPU
		{0A05E5C5-80A9-46C9-A055-36789CED7F0B}.Debug|Any CPU.Build.0 = Debug|Any CPU
		{0A05E5C5-80A9-46C9-A055-36789CED7F0B}.Release|Any CPU.ActiveCfg = Release|Any CPU
		{0A05E5C5-80A9-46C9-A055-36789CED7F0B}.Release|Any CPU.Build.0 = Release|Any CPU
	EndGlobalSection
	GlobalSection(SolutionProperties) = preSolution
		HideSolutionNode = FALSE
	EndGlobalSection
EndGlobal
